
Microsoft Visual Studio Solution File, Format Version 12.00
# Visual Studio 14
VisualStudioVersion = 14.0.25420.1
MinimumVisualStudioVersion = 10.0.40219.1
Project("{FAE04EC0-301F-11D3-BF4B-00C04F79EFBC}") = "mbrc-plugin", "plugin\mbrc-plugin.csproj", "{F5D46BA1-6F21-40EF-9695-46105CCACD08}"
EndProject
Project("{2150E333-8FDC-42A3-9474-1A3956D46DE8}") = ".nuget", ".nuget", "{1052270C-92E1-4DCE-A08B-4C39E163CF5E}"
	ProjectSection(SolutionItems) = preProject
		.nuget\NuGet.Config = .nuget\NuGet.Config
		.nuget\NuGet.exe = .nuget\NuGet.exe
		.nuget\NuGet.targets = .nuget\NuGet.targets
	EndProjectSection
EndProject
Project("{FAE04EC0-301F-11D3-BF4B-00C04F79EFBC}") = "firewall-utility", "firewall-utility\firewall-utility.csproj", "{48E9B838-6430-459B-9B44-D1E3548DF393}"
EndProject
Project("{FAE04EC0-301F-11D3-BF4B-00C04F79EFBC}") = "mbrc-core", "mbrc-core\mbrc-core.csproj", "{C1353233-3C38-4E1E-A6C1-CE32B5A85C6D}"
EndProject
Project("{FAE04EC0-301F-11D3-BF4B-00C04F79EFBC}") = "plugin_tester", "plugin_tester\plugin_tester.csproj", "{AEA93D81-20F6-4F2F-9568-5C7B6E2BECF6}"
EndProject
Project("{FAE04EC0-301F-11D3-BF4B-00C04F79EFBC}") = "mbrc-data", "mbrc-data\mbrc-data.csproj", "{097FFCD1-5D60-42F9-B621-3D8DC016780E}"
EndProject
Project("{FAE04EC0-301F-11D3-BF4B-00C04F79EFBC}") = "mbrc-data.Tests", "mbrc-data.Tests\mbrc-data.Tests.csproj", "{683A7B61-6643-4C5F-953B-6EC325DF1747}"
EndProject
Project("{FAE04EC0-301F-11D3-BF4B-00C04F79EFBC}") = "mbrc-core.Tests", "mbrc-core.Tests\mbrc-core.Tests.csproj", "{8EDF4429-251A-416D-BB68-93F227191BCF}"
EndProject
Project("{FAE04EC0-301F-11D3-BF4B-00C04F79EFBC}") = "WebSocketProxy", "WebSocketProxy\WebSocketProxy.csproj", "{BDA44986-B4D2-43E2-9486-CAC4F62EEB4F}"
EndProject
Global
	GlobalSection(SolutionConfigurationPlatforms) = preSolution
		Debug|Any CPU = Debug|Any CPU
		Debug|Mixed Platforms = Debug|Mixed Platforms
		Debug|Win32 = Debug|Win32
		Release|Any CPU = Release|Any CPU
		Release|Mixed Platforms = Release|Mixed Platforms
		Release|Win32 = Release|Win32
		Test|Any CPU = Test|Any CPU
		Test|Mixed Platforms = Test|Mixed Platforms
		Test|Win32 = Test|Win32
	EndGlobalSection
	GlobalSection(ProjectConfigurationPlatforms) = postSolution
		{F5D46BA1-6F21-40EF-9695-46105CCACD08}.Debug|Any CPU.ActiveCfg = Debug|Any CPU
		{F5D46BA1-6F21-40EF-9695-46105CCACD08}.Debug|Any CPU.Build.0 = Debug|Any CPU
		{F5D46BA1-6F21-40EF-9695-46105CCACD08}.Debug|Mixed Platforms.ActiveCfg = Debug|Any CPU
		{F5D46BA1-6F21-40EF-9695-46105CCACD08}.Debug|Mixed Platforms.Build.0 = Debug|Any CPU
		{F5D46BA1-6F21-40EF-9695-46105CCACD08}.Debug|Win32.ActiveCfg = Debug|Any CPU
		{F5D46BA1-6F21-40EF-9695-46105CCACD08}.Release|Any CPU.ActiveCfg = Release|Any CPU
		{F5D46BA1-6F21-40EF-9695-46105CCACD08}.Release|Any CPU.Build.0 = Release|Any CPU
		{F5D46BA1-6F21-40EF-9695-46105CCACD08}.Release|Mixed Platforms.ActiveCfg = Release|Any CPU
		{F5D46BA1-6F21-40EF-9695-46105CCACD08}.Release|Mixed Platforms.Build.0 = Release|Any CPU
		{F5D46BA1-6F21-40EF-9695-46105CCACD08}.Release|Win32.ActiveCfg = Release|Any CPU
		{F5D46BA1-6F21-40EF-9695-46105CCACD08}.Test|Any CPU.ActiveCfg = Test|Any CPU
		{F5D46BA1-6F21-40EF-9695-46105CCACD08}.Test|Any CPU.Build.0 = Test|Any CPU
		{F5D46BA1-6F21-40EF-9695-46105CCACD08}.Test|Mixed Platforms.ActiveCfg = Test|Any CPU
		{F5D46BA1-6F21-40EF-9695-46105CCACD08}.Test|Mixed Platforms.Build.0 = Test|Any CPU
		{F5D46BA1-6F21-40EF-9695-46105CCACD08}.Test|Win32.ActiveCfg = Test|Any CPU
		{F5D46BA1-6F21-40EF-9695-46105CCACD08}.Test|Win32.Build.0 = Test|Any CPU
		{48E9B838-6430-459B-9B44-D1E3548DF393}.Debug|Any CPU.ActiveCfg = Debug|Any CPU
		{48E9B838-6430-459B-9B44-D1E3548DF393}.Debug|Any CPU.Build.0 = Debug|Any CPU
		{48E9B838-6430-459B-9B44-D1E3548DF393}.Debug|Mixed Platforms.ActiveCfg = Debug|Any CPU
		{48E9B838-6430-459B-9B44-D1E3548DF393}.Debug|Mixed Platforms.Build.0 = Debug|Any CPU
		{48E9B838-6430-459B-9B44-D1E3548DF393}.Debug|Win32.ActiveCfg = Debug|Any CPU
		{48E9B838-6430-459B-9B44-D1E3548DF393}.Release|Any CPU.ActiveCfg = Release|Any CPU
		{48E9B838-6430-459B-9B44-D1E3548DF393}.Release|Any CPU.Build.0 = Release|Any CPU
		{48E9B838-6430-459B-9B44-D1E3548DF393}.Release|Mixed Platforms.ActiveCfg = Release|Any CPU
		{48E9B838-6430-459B-9B44-D1E3548DF393}.Release|Mixed Platforms.Build.0 = Release|Any CPU
		{48E9B838-6430-459B-9B44-D1E3548DF393}.Release|Win32.ActiveCfg = Release|Any CPU
		{48E9B838-6430-459B-9B44-D1E3548DF393}.Test|Any CPU.ActiveCfg = Test|Any CPU
		{48E9B838-6430-459B-9B44-D1E3548DF393}.Test|Mixed Platforms.ActiveCfg = Test|Any CPU
		{48E9B838-6430-459B-9B44-D1E3548DF393}.Test|Mixed Platforms.Build.0 = Test|Any CPU
		{48E9B838-6430-459B-9B44-D1E3548DF393}.Test|Win32.ActiveCfg = Test|Any CPU
		{48E9B838-6430-459B-9B44-D1E3548DF393}.Test|Win32.Build.0 = Test|Any CPU
		{C1353233-3C38-4E1E-A6C1-CE32B5A85C6D}.Debug|Any CPU.ActiveCfg = Debug|Any CPU
		{C1353233-3C38-4E1E-A6C1-CE32B5A85C6D}.Debug|Any CPU.Build.0 = Debug|Any CPU
		{C1353233-3C38-4E1E-A6C1-CE32B5A85C6D}.Debug|Mixed Platforms.ActiveCfg = Debug|Any CPU
		{C1353233-3C38-4E1E-A6C1-CE32B5A85C6D}.Debug|Mixed Platforms.Build.0 = Debug|Any CPU
		{C1353233-3C38-4E1E-A6C1-CE32B5A85C6D}.Debug|Win32.ActiveCfg = Debug|Any CPU
		{C1353233-3C38-4E1E-A6C1-CE32B5A85C6D}.Debug|Win32.Build.0 = Debug|Any CPU
		{C1353233-3C38-4E1E-A6C1-CE32B5A85C6D}.Release|Any CPU.ActiveCfg = Release|Any CPU
		{C1353233-3C38-4E1E-A6C1-CE32B5A85C6D}.Release|Any CPU.Build.0 = Release|Any CPU
		{C1353233-3C38-4E1E-A6C1-CE32B5A85C6D}.Release|Mixed Platforms.ActiveCfg = Release|Any CPU
		{C1353233-3C38-4E1E-A6C1-CE32B5A85C6D}.Release|Mixed Platforms.Build.0 = Release|Any CPU
		{C1353233-3C38-4E1E-A6C1-CE32B5A85C6D}.Release|Win32.ActiveCfg = Release|Any CPU
		{C1353233-3C38-4E1E-A6C1-CE32B5A85C6D}.Release|Win32.Build.0 = Release|Any CPU
		{C1353233-3C38-4E1E-A6C1-CE32B5A85C6D}.Test|Any CPU.ActiveCfg = Test|Any CPU
		{C1353233-3C38-4E1E-A6C1-CE32B5A85C6D}.Test|Any CPU.Build.0 = Test|Any CPU
		{C1353233-3C38-4E1E-A6C1-CE32B5A85C6D}.Test|Mixed Platforms.ActiveCfg = Test|Any CPU
		{C1353233-3C38-4E1E-A6C1-CE32B5A85C6D}.Test|Mixed Platforms.Build.0 = Test|Any CPU
		{C1353233-3C38-4E1E-A6C1-CE32B5A85C6D}.Test|Win32.ActiveCfg = Test|Any CPU
		{C1353233-3C38-4E1E-A6C1-CE32B5A85C6D}.Test|Win32.Build.0 = Test|Any CPU
		{AEA93D81-20F6-4F2F-9568-5C7B6E2BECF6}.Debug|Any CPU.ActiveCfg = Debug|Any CPU
		{AEA93D81-20F6-4F2F-9568-5C7B6E2BECF6}.Debug|Any CPU.Build.0 = Debug|Any CPU
		{AEA93D81-20F6-4F2F-9568-5C7B6E2BECF6}.Debug|Mixed Platforms.ActiveCfg = Debug|Any CPU
		{AEA93D81-20F6-4F2F-9568-5C7B6E2BECF6}.Debug|Mixed Platforms.Build.0 = Debug|Any CPU
		{AEA93D81-20F6-4F2F-9568-5C7B6E2BECF6}.Debug|Win32.ActiveCfg = Debug|Any CPU
		{AEA93D81-20F6-4F2F-9568-5C7B6E2BECF6}.Debug|Win32.Build.0 = Debug|Any CPU
		{AEA93D81-20F6-4F2F-9568-5C7B6E2BECF6}.Release|Any CPU.ActiveCfg = Release|Any CPU
		{AEA93D81-20F6-4F2F-9568-5C7B6E2BECF6}.Release|Any CPU.Build.0 = Release|Any CPU
		{AEA93D81-20F6-4F2F-9568-5C7B6E2BECF6}.Release|Mixed Platforms.ActiveCfg = Release|Any CPU
		{AEA93D81-20F6-4F2F-9568-5C7B6E2BECF6}.Release|Mixed Platforms.Build.0 = Release|Any CPU
		{AEA93D81-20F6-4F2F-9568-5C7B6E2BECF6}.Release|Win32.ActiveCfg = Release|Any CPU
		{AEA93D81-20F6-4F2F-9568-5C7B6E2BECF6}.Release|Win32.Build.0 = Release|Any CPU
		{AEA93D81-20F6-4F2F-9568-5C7B6E2BECF6}.Test|Any CPU.ActiveCfg = Test|Any CPU
		{AEA93D81-20F6-4F2F-9568-5C7B6E2BECF6}.Test|Any CPU.Build.0 = Test|Any CPU
		{AEA93D81-20F6-4F2F-9568-5C7B6E2BECF6}.Test|Mixed Platforms.ActiveCfg = Test|Any CPU
		{AEA93D81-20F6-4F2F-9568-5C7B6E2BECF6}.Test|Mixed Platforms.Build.0 = Test|Any CPU
		{AEA93D81-20F6-4F2F-9568-5C7B6E2BECF6}.Test|Win32.ActiveCfg = Test|Any CPU
		{AEA93D81-20F6-4F2F-9568-5C7B6E2BECF6}.Test|Win32.Build.0 = Test|Any CPU
		{097FFCD1-5D60-42F9-B621-3D8DC016780E}.Debug|Any CPU.ActiveCfg = Debug|Any CPU
		{097FFCD1-5D60-42F9-B621-3D8DC016780E}.Debug|Any CPU.Build.0 = Debug|Any CPU
		{097FFCD1-5D60-42F9-B621-3D8DC016780E}.Debug|Mixed Platforms.ActiveCfg = Debug|Any CPU
		{097FFCD1-5D60-42F9-B621-3D8DC016780E}.Debug|Mixed Platforms.Build.0 = Debug|Any CPU
		{097FFCD1-5D60-42F9-B621-3D8DC016780E}.Debug|Win32.ActiveCfg = Debug|Any CPU
		{097FFCD1-5D60-42F9-B621-3D8DC016780E}.Debug|Win32.Build.0 = Debug|Any CPU
		{097FFCD1-5D60-42F9-B621-3D8DC016780E}.Release|Any CPU.ActiveCfg = Release|Any CPU
		{097FFCD1-5D60-42F9-B621-3D8DC016780E}.Release|Any CPU.Build.0 = Release|Any CPU
		{097FFCD1-5D60-42F9-B621-3D8DC016780E}.Release|Mixed Platforms.ActiveCfg = Release|Any CPU
		{097FFCD1-5D60-42F9-B621-3D8DC016780E}.Release|Mixed Platforms.Build.0 = Release|Any CPU
		{097FFCD1-5D60-42F9-B621-3D8DC016780E}.Release|Win32.ActiveCfg = Release|Any CPU
		{097FFCD1-5D60-42F9-B621-3D8DC016780E}.Release|Win32.Build.0 = Release|Any CPU
		{097FFCD1-5D60-42F9-B621-3D8DC016780E}.Test|Any CPU.ActiveCfg = Test|Any CPU
		{097FFCD1-5D60-42F9-B621-3D8DC016780E}.Test|Any CPU.Build.0 = Test|Any CPU
		{097FFCD1-5D60-42F9-B621-3D8DC016780E}.Test|Mixed Platforms.ActiveCfg = Test|Any CPU
		{097FFCD1-5D60-42F9-B621-3D8DC016780E}.Test|Mixed Platforms.Build.0 = Test|Any CPU
		{097FFCD1-5D60-42F9-B621-3D8DC016780E}.Test|Win32.ActiveCfg = Test|Any CPU
		{097FFCD1-5D60-42F9-B621-3D8DC016780E}.Test|Win32.Build.0 = Test|Any CPU
		{683A7B61-6643-4C5F-953B-6EC325DF1747}.Debug|Any CPU.ActiveCfg = Debug|Any CPU
		{683A7B61-6643-4C5F-953B-6EC325DF1747}.Debug|Any CPU.Build.0 = Debug|Any CPU
		{683A7B61-6643-4C5F-953B-6EC325DF1747}.Debug|Mixed Platforms.ActiveCfg = Debug|Any CPU
		{683A7B61-6643-4C5F-953B-6EC325DF1747}.Debug|Mixed Platforms.Build.0 = Debug|Any CPU
		{683A7B61-6643-4C5F-953B-6EC325DF1747}.Debug|Win32.ActiveCfg = Debug|Any CPU
		{683A7B61-6643-4C5F-953B-6EC325DF1747}.Debug|Win32.Build.0 = Debug|Any CPU
		{683A7B61-6643-4C5F-953B-6EC325DF1747}.Release|Any CPU.ActiveCfg = Release|Any CPU
		{683A7B61-6643-4C5F-953B-6EC325DF1747}.Release|Any CPU.Build.0 = Release|Any CPU
		{683A7B61-6643-4C5F-953B-6EC325DF1747}.Release|Mixed Platforms.ActiveCfg = Release|Any CPU
		{683A7B61-6643-4C5F-953B-6EC325DF1747}.Release|Mixed Platforms.Build.0 = Release|Any CPU
		{683A7B61-6643-4C5F-953B-6EC325DF1747}.Release|Win32.ActiveCfg = Release|Any CPU
		{683A7B61-6643-4C5F-953B-6EC325DF1747}.Release|Win32.Build.0 = Release|Any CPU
		{683A7B61-6643-4C5F-953B-6EC325DF1747}.Test|Any CPU.ActiveCfg = Test|Any CPU
		{683A7B61-6643-4C5F-953B-6EC325DF1747}.Test|Any CPU.Build.0 = Test|Any CPU
		{683A7B61-6643-4C5F-953B-6EC325DF1747}.Test|Mixed Platforms.ActiveCfg = Test|Any CPU
		{683A7B61-6643-4C5F-953B-6EC325DF1747}.Test|Mixed Platforms.Build.0 = Test|Any CPU
		{683A7B61-6643-4C5F-953B-6EC325DF1747}.Test|Win32.ActiveCfg = Test|Any CPU
		{683A7B61-6643-4C5F-953B-6EC325DF1747}.Test|Win32.Build.0 = Test|Any CPU
		{8EDF4429-251A-416D-BB68-93F227191BCF}.Debug|Any CPU.ActiveCfg = Debug|Any CPU
		{8EDF4429-251A-416D-BB68-93F227191BCF}.Debug|Any CPU.Build.0 = Debug|Any CPU
		{8EDF4429-251A-416D-BB68-93F227191BCF}.Debug|Mixed Platforms.ActiveCfg = Debug|Any CPU
		{8EDF4429-251A-416D-BB68-93F227191BCF}.Debug|Mixed Platforms.Build.0 = Debug|Any CPU
		{8EDF4429-251A-416D-BB68-93F227191BCF}.Debug|Win32.ActiveCfg = Debug|Any CPU
		{8EDF4429-251A-416D-BB68-93F227191BCF}.Debug|Win32.Build.0 = Debug|Any CPU
		{8EDF4429-251A-416D-BB68-93F227191BCF}.Release|Any CPU.ActiveCfg = Release|Any CPU
		{8EDF4429-251A-416D-BB68-93F227191BCF}.Release|Any CPU.Build.0 = Release|Any CPU
		{8EDF4429-251A-416D-BB68-93F227191BCF}.Release|Mixed Platforms.ActiveCfg = Release|Any CPU
		{8EDF4429-251A-416D-BB68-93F227191BCF}.Release|Mixed Platforms.Build.0 = Release|Any CPU
		{8EDF4429-251A-416D-BB68-93F227191BCF}.Release|Win32.ActiveCfg = Release|Any CPU
		{8EDF4429-251A-416D-BB68-93F227191BCF}.Release|Win32.Build.0 = Release|Any CPU
		{8EDF4429-251A-416D-BB68-93F227191BCF}.Test|Any CPU.ActiveCfg = Test|Any CPU
		{8EDF4429-251A-416D-BB68-93F227191BCF}.Test|Any CPU.Build.0 = Test|Any CPU
		{8EDF4429-251A-416D-BB68-93F227191BCF}.Test|Mixed Platforms.ActiveCfg = Test|Any CPU
		{8EDF4429-251A-416D-BB68-93F227191BCF}.Test|Mixed Platforms.Build.0 = Test|Any CPU
		{8EDF4429-251A-416D-BB68-93F227191BCF}.Test|Win32.ActiveCfg = Test|Any CPU
		{8EDF4429-251A-416D-BB68-93F227191BCF}.Test|Win32.Build.0 = Test|Any CPU
		{BDA44986-B4D2-43E2-9486-CAC4F62EEB4F}.Debug|Any CPU.ActiveCfg = Debug|Any CPU
		{BDA44986-B4D2-43E2-9486-CAC4F62EEB4F}.Debug|Any CPU.Build.0 = Debug|Any CPU
		{BDA44986-B4D2-43E2-9486-CAC4F62EEB4F}.Debug|Mixed Platforms.ActiveCfg = Debug|Any CPU
		{BDA44986-B4D2-43E2-9486-CAC4F62EEB4F}.Debug|Mixed Platforms.Build.0 = Debug|Any CPU
		{BDA44986-B4D2-43E2-9486-CAC4F62EEB4F}.Debug|Win32.ActiveCfg = Debug|Any CPU
		{BDA44986-B4D2-43E2-9486-CAC4F62EEB4F}.Debug|Win32.Build.0 = Debug|Any CPU
		{BDA44986-B4D2-43E2-9486-CAC4F62EEB4F}.Release|Any CPU.ActiveCfg = Release|Any CPU
		{BDA44986-B4D2-43E2-9486-CAC4F62EEB4F}.Release|Any CPU.Build.0 = Release|Any CPU
		{BDA44986-B4D2-43E2-9486-CAC4F62EEB4F}.Release|Mixed Platforms.ActiveCfg = Release|Any CPU
		{BDA44986-B4D2-43E2-9486-CAC4F62EEB4F}.Release|Mixed Platforms.Build.0 = Release|Any CPU
		{BDA44986-B4D2-43E2-9486-CAC4F62EEB4F}.Release|Win32.ActiveCfg = Release|Any CPU
		{BDA44986-B4D2-43E2-9486-CAC4F62EEB4F}.Release|Win32.Build.0 = Release|Any CPU
		{BDA44986-B4D2-43E2-9486-CAC4F62EEB4F}.Test|Any CPU.ActiveCfg = Test|Any CPU
		{BDA44986-B4D2-43E2-9486-CAC4F62EEB4F}.Test|Any CPU.Build.0 = Test|Any CPU
		{BDA44986-B4D2-43E2-9486-CAC4F62EEB4F}.Test|Mixed Platforms.ActiveCfg = Test|Any CPU
		{BDA44986-B4D2-43E2-9486-CAC4F62EEB4F}.Test|Mixed Platforms.Build.0 = Test|Any CPU
		{BDA44986-B4D2-43E2-9486-CAC4F62EEB4F}.Test|Win32.ActiveCfg = Test|Any CPU
		{BDA44986-B4D2-43E2-9486-CAC4F62EEB4F}.Test|Win32.Build.0 = Test|Any CPU
	EndGlobalSection
	GlobalSection(SolutionProperties) = preSolution
		HideSolutionNode = FALSE
	EndGlobalSection
	GlobalSection(ExtensibilityGlobals) = postSolution
		BuildVersion_AssemblyInfoFilename = Properties\AssemblyInfo.cs
		BuildVersion_BuildVersioningStyle = None.None.Increment.None
		BuildVersion_ConfigurationName = Release
		BuildVersion_UpdateAssemblyVersion = True
		BuildVersion_UpdateFileVersion = True
		BuildVersion_UseGlobalSettings = False
		BuildVersion_UseUniversalClock = True
	EndGlobalSection
EndGlobal
